{
  "nodes": {
    "eww": {
      "inputs": {
        "fenix": "fenix",
        "flake-compat": "flake-compat",
        "flake-utils": "flake-utils",
        "naersk": "naersk",
        "nixpkgs": "nixpkgs_2"
      },
      "locked": {
        "lastModified": 1634470784,
        "narHash": "sha256-YCTspq9agOTr4EI/JCGlLd0pMZoOAXX+acYEW4EVz7M=",
        "owner": "elkowar",
        "repo": "eww",
        "rev": "0aaaa2c2b802dc2015c3a61733f10d5ff0254313",
        "type": "github"
      },
      "original": {
        "owner": "elkowar",
        "repo": "eww",
        "type": "github"
      }
    },
    "fenix": {
      "inputs": {
        "nixpkgs": [
          "eww",
          "nixpkgs"
        ],
        "rust-analyzer-src": "rust-analyzer-src"
      },
      "locked": {
        "lastModified": 1630895391,
        "narHash": "sha256-yokHZl7RvKfvmAmouI0Zr5x4SKhYvukRcU8XzRk7yf0=",
        "owner": "nix-community",
        "repo": "fenix",
        "rev": "3893e32c15e2ba4999510de67023a31d6f0e8b6e",
        "type": "github"
      },
      "original": {
        "owner": "nix-community",
        "repo": "fenix",
        "type": "github"
      }
    },
    "flake-compat": {
      "flake": false,
      "locked": {
        "lastModified": 1627913399,
        "narHash": "sha256-hY8g6H2KFL8ownSiFeMOjwPC8P0ueXpCVEbxgda3pko=",
        "owner": "edolstra",
        "repo": "flake-compat",
        "rev": "12c64ca55c1014cdc1b16ed5a804aa8576601ff2",
        "type": "github"
      },
      "original": {
        "owner": "edolstra",
        "repo": "flake-compat",
        "type": "github"
      }
    },
    "flake-compat_2": {
      "flake": false,
      "locked": {
        "lastModified": 1627913399,
        "narHash": "sha256-hY8g6H2KFL8ownSiFeMOjwPC8P0ueXpCVEbxgda3pko=",
        "owner": "edolstra",
        "repo": "flake-compat",
        "rev": "12c64ca55c1014cdc1b16ed5a804aa8576601ff2",
        "type": "github"
      },
      "original": {
        "owner": "edolstra",
        "repo": "flake-compat",
        "type": "github"
      }
    },
    "flake-utils": {
      "locked": {
        "lastModified": 1629481132,
        "narHash": "sha256-JHgasjPR0/J1J3DRm4KxM4zTyAj4IOJY8vIl75v/kPI=",
        "owner": "numtide",
        "repo": "flake-utils",
        "rev": "997f7efcb746a9c140ce1f13c72263189225f482",
        "type": "github"
      },
      "original": {
        "owner": "numtide",
        "repo": "flake-utils",
        "type": "github"
      }
    },
    "flake-utils_2": {
      "locked": {
        "lastModified": 1629481132,
        "narHash": "sha256-JHgasjPR0/J1J3DRm4KxM4zTyAj4IOJY8vIl75v/kPI=",
        "owner": "numtide",
        "repo": "flake-utils",
        "rev": "997f7efcb746a9c140ce1f13c72263189225f482",
        "type": "github"
      },
      "original": {
        "owner": "numtide",
        "repo": "flake-utils",
        "type": "github"
      }
    },
    "flake-utils_3": {
      "locked": {
        "lastModified": 1631561581,
        "narHash": "sha256-3VQMV5zvxaVLvqqUrNz3iJelLw30mIVSfZmAaauM3dA=",
        "owner": "numtide",
        "repo": "flake-utils",
        "rev": "7e5bf3925f6fbdfaf50a2a7ca0be2879c4261d19",
        "type": "github"
      },
      "original": {
        "owner": "numtide",
        "repo": "flake-utils",
        "type": "github"
      }
    },
    "flake-utils_4": {
      "locked": {
        "lastModified": 1631561581,
        "narHash": "sha256-3VQMV5zvxaVLvqqUrNz3iJelLw30mIVSfZmAaauM3dA=",
        "owner": "numtide",
        "repo": "flake-utils",
        "rev": "7e5bf3925f6fbdfaf50a2a7ca0be2879c4261d19",
        "type": "github"
      },
      "original": {
        "owner": "numtide",
        "repo": "flake-utils",
        "type": "github"
      }
    },
    "flake-utils_5": {
      "locked": {
        "lastModified": 1631561581,
        "narHash": "sha256-3VQMV5zvxaVLvqqUrNz3iJelLw30mIVSfZmAaauM3dA=",
        "owner": "numtide",
        "repo": "flake-utils",
        "rev": "7e5bf3925f6fbdfaf50a2a7ca0be2879c4261d19",
        "type": "github"
      },
      "original": {
        "owner": "numtide",
        "repo": "flake-utils",
        "type": "github"
      }
    },
    "git-ignore-nix": {
      "inputs": {
        "nixpkgs": "nixpkgs_5"
      },
      "locked": {
        "lastModified": 1626413882,
        "narHash": "sha256-ZHw1YVsrs7rG9jPEH0ZabbbCTdnVr48FAwK6GCQPSF4=",
        "owner": "IvanMalison",
        "repo": "gitignore.nix",
        "rev": "a2ffb0bfd0145ca57d792a6f9f76f5c305ca29b7",
        "type": "github"
      },
      "original": {
        "owner": "IvanMalison",
        "ref": "master",
        "repo": "gitignore.nix",
        "type": "github"
      }
    },
    "git-ignore-nix_2": {
      "inputs": {
        "nixpkgs": "nixpkgs_7"
      },
      "locked": {
        "lastModified": 1626413882,
        "narHash": "sha256-ZHw1YVsrs7rG9jPEH0ZabbbCTdnVr48FAwK6GCQPSF4=",
        "owner": "IvanMalison",
        "repo": "gitignore.nix",
        "rev": "a2ffb0bfd0145ca57d792a6f9f76f5c305ca29b7",
        "type": "github"
      },
      "original": {
        "owner": "IvanMalison",
        "ref": "master",
        "repo": "gitignore.nix",
        "type": "github"
      }
    },
    "git-ignore-nix_3": {
      "inputs": {
        "nixpkgs": "nixpkgs_9"
      },
      "locked": {
        "lastModified": 1626413882,
        "narHash": "sha256-ZHw1YVsrs7rG9jPEH0ZabbbCTdnVr48FAwK6GCQPSF4=",
        "owner": "IvanMalison",
        "repo": "gitignore.nix",
        "rev": "a2ffb0bfd0145ca57d792a6f9f76f5c305ca29b7",
        "type": "github"
      },
      "original": {
        "owner": "IvanMalison",
        "ref": "master",
        "repo": "gitignore.nix",
        "type": "github"
      }
    },
    "home-manager": {
      "inputs": {
        "nixpkgs": [
          "nixpkgs"
        ]
      },
      "locked": {
        "lastModified": 1634543124,
        "narHash": "sha256-sPjP5GjZ0DgTgY8KljhGeix4L5ey7A3L1nm6lDffTh0=",
        "owner": "nix-community",
        "repo": "home-manager",
        "rev": "b5d738b5a3f8c3738433e0aa6482afb4ac635380",
        "type": "github"
      },
      "original": {
        "owner": "nix-community",
        "ref": "master",
        "repo": "home-manager",
        "type": "github"
      }
    },
    "naersk": {
      "inputs": {
        "nixpkgs": "nixpkgs"
      },
      "locked": {
        "lastModified": 1629707199,
        "narHash": "sha256-sGxlmfp5eXL5sAMNqHSb04Zq6gPl+JeltIZ226OYN0w=",
        "owner": "nmattia",
        "repo": "naersk",
        "rev": "df71f5e4babda41cd919a8684b72218e2e809fa9",
        "type": "github"
      },
      "original": {
        "owner": "nmattia",
        "repo": "naersk",
        "type": "github"
      }
    },
    "neovim-flake": {
      "inputs": {
        "flake-utils": "flake-utils_2",
        "nixpkgs": [
          "neovim-nightly",
          "nixpkgs"
        ]
      },
      "locked": {
        "dir": "contrib",
        "lastModified": 1634586257,
        "narHash": "sha256-DvSgvRcGggUulIQt16vrtjut+jr1QGWM+aE+n1nJ8hA=",
        "owner": "neovim",
        "repo": "neovim",
        "rev": "9086938f7bd6d6ccb7f4a30fb78aeaf0d84e4471",
        "type": "github"
      },
      "original": {
        "dir": "contrib",
        "owner": "neovim",
        "repo": "neovim",
        "type": "github"
      }
    },
    "neovim-nightly": {
      "inputs": {
        "flake-compat": "flake-compat_2",
        "neovim-flake": "neovim-flake",
        "nixpkgs": "nixpkgs_3"
      },
      "locked": {
        "lastModified": 1634631216,
        "narHash": "sha256-ydut2VuZCI0JS2Vzk8VrdrHHbfRL6onfRxqFhlnoD/0=",
        "owner": "nix-community",
        "repo": "neovim-nightly-overlay",
        "rev": "1dd99a6c91b4a6909e66d0ee69b3f31995f38851",
        "type": "github"
      },
      "original": {
        "owner": "nix-community",
        "repo": "neovim-nightly-overlay",
        "type": "github"
      }
    },
    "nixmaster": {
      "locked": {
        "lastModified": 1634677937,
        "narHash": "sha256-DWo5MpptTpO1vIxOPFdT2BnFHBqXpjWk2ZPyP6u7dyQ=",
        "owner": "NixOS",
        "repo": "nixpkgs",
        "rev": "f253b507e57f284342bd9e279adbfd8ca246cc7c",
        "type": "github"
      },
      "original": {
        "owner": "NixOS",
        "repo": "nixpkgs",
        "type": "github"
      }
    },
    "nixpkgs": {
      "locked": {
        "lastModified": 1630761588,
        "narHash": "sha256-7GXckvZy7DGh2KIyfdArqwnyeSc5Owy1fumEDQyd8eY=",
        "path": "/nix/store/8i2kd1ndvx8adgid7vf4szhxsh1f9pkm-source",
        "rev": "a51aa6523bd8ee985bc70987909eff235900197a",
        "type": "path"
      },
      "original": {
        "id": "nixpkgs",
        "type": "indirect"
      }
    },
    "nixpkgs_10": {
      "locked": {
        "lastModified": 1634677937,
        "narHash": "sha256-DWo5MpptTpO1vIxOPFdT2BnFHBqXpjWk2ZPyP6u7dyQ=",
        "owner": "NixOS",
        "repo": "nixpkgs",
        "rev": "f253b507e57f284342bd9e279adbfd8ca246cc7c",
        "type": "github"
      },
      "original": {
        "id": "nixpkgs",
        "type": "indirect"
      }
    },
    "nixpkgs_2": {
      "locked": {
        "lastModified": 1630140382,
        "narHash": "sha256-ntXepAHFlAEtaYIU5EzckRUODeeMgpu1u2Yug+4LFNc=",
        "owner": "NixOS",
        "repo": "nixpkgs",
        "rev": "08ef0f28e3a41424b92ba1d203de64257a9fca6a",
        "type": "github"
      },
      "original": {
        "id": "nixpkgs",
        "ref": "nixpkgs-unstable",
        "type": "indirect"
      }
    },
    "nixpkgs_3": {
      "locked": {
        "lastModified": 1634436779,
        "narHash": "sha256-D/nrXTWpe1bPIjFy85sgiLHYqu+AeaC6v5/+KlA9PRg=",
        "owner": "nixos",
        "repo": "nixpkgs",
        "rev": "9aeeb7574fb784eaf6395f4400705b5f619e6cc3",
        "type": "github"
      },
      "original": {
        "owner": "nixos",
        "ref": "nixos-unstable",
        "repo": "nixpkgs",
        "type": "github"
      }
    },
    "nixpkgs_4": {
      "locked": {
        "lastModified": 1634515797,
        "narHash": "sha256-elgCUC2khtBkOSpE4gDymNvthTZAI4hGI2iNu3YEUkA=",
        "owner": "NixOS",
        "repo": "nixpkgs",
        "rev": "5f0194220f2402b06f7f79bba6351895facb5acb",
        "type": "github"
      },
      "original": {
        "id": "nixpkgs",
        "ref": "nixos-unstable",
        "type": "indirect"
      }
    },
    "nixpkgs_5": {
      "locked": {
        "lastModified": 1634677937,
        "narHash": "sha256-DWo5MpptTpO1vIxOPFdT2BnFHBqXpjWk2ZPyP6u7dyQ=",
        "owner": "NixOS",
        "repo": "nixpkgs",
        "rev": "f253b507e57f284342bd9e279adbfd8ca246cc7c",
        "type": "github"
      },
      "original": {
        "id": "nixpkgs",
        "type": "indirect"
      }
    },
    "nixpkgs_6": {
      "locked": {
        "lastModified": 1634677937,
        "narHash": "sha256-DWo5MpptTpO1vIxOPFdT2BnFHBqXpjWk2ZPyP6u7dyQ=",
        "owner": "NixOS",
        "repo": "nixpkgs",
        "rev": "f253b507e57f284342bd9e279adbfd8ca246cc7c",
        "type": "github"
      },
      "original": {
        "id": "nixpkgs",
        "type": "indirect"
      }
    },
    "nixpkgs_7": {
      "locked": {
        "lastModified": 1634677937,
        "narHash": "sha256-DWo5MpptTpO1vIxOPFdT2BnFHBqXpjWk2ZPyP6u7dyQ=",
        "owner": "NixOS",
        "repo": "nixpkgs",
        "rev": "f253b507e57f284342bd9e279adbfd8ca246cc7c",
        "type": "github"
      },
      "original": {
        "id": "nixpkgs",
        "type": "indirect"
      }
    },
    "nixpkgs_8": {
      "locked": {
        "lastModified": 1634677937,
        "narHash": "sha256-DWo5MpptTpO1vIxOPFdT2BnFHBqXpjWk2ZPyP6u7dyQ=",
        "owner": "NixOS",
        "repo": "nixpkgs",
        "rev": "f253b507e57f284342bd9e279adbfd8ca246cc7c",
        "type": "github"
      },
      "original": {
        "id": "nixpkgs",
        "type": "indirect"
      }
    },
    "nixpkgs_9": {
      "locked": {
        "lastModified": 1634677937,
        "narHash": "sha256-DWo5MpptTpO1vIxOPFdT2BnFHBqXpjWk2ZPyP6u7dyQ=",
        "owner": "NixOS",
        "repo": "nixpkgs",
        "rev": "f253b507e57f284342bd9e279adbfd8ca246cc7c",
        "type": "github"
      },
      "original": {
        "id": "nixpkgs",
        "type": "indirect"
      }
    },
    "root": {
      "inputs": {
        "eww": "eww",
        "home-manager": "home-manager",
        "neovim-nightly": "neovim-nightly",
        "nixmaster": "nixmaster",
        "nixpkgs": "nixpkgs_4",
        "xmonad": "xmonad",
        "xmonad-contrib": "xmonad-contrib"
      }
    },
    "rust-analyzer-src": {
      "flake": false,
      "locked": {
        "lastModified": 1630870637,
        "narHash": "sha256-TacpTVvHAIs4kZ5vibj8luy/kryYwxY+OXFNPnqiXP0=",
        "owner": "rust-analyzer",
        "repo": "rust-analyzer",
        "rev": "b73b321478d3b2a98d380eb79de717e01620c4e9",
        "type": "github"
      },
      "original": {
        "owner": "rust-analyzer",
        "ref": "nightly",
        "repo": "rust-analyzer",
        "type": "github"
      }
    },
    "xmonad": {
      "inputs": {
        "flake-utils": "flake-utils_3",
        "git-ignore-nix": "git-ignore-nix",
        "nixpkgs": "nixpkgs_6"
      },
      "locked": {
        "lastModified": 1634458442,
        "narHash": "sha256-msiCVllb/8toA8Fz8ZKeI9E8wKnKZQTkhCpjDazt+2w=",
        "owner": "xmonad",
        "repo": "xmonad",
        "rev": "b5b95e27ce94c51f07a0613674749278af1f5f6c",
        "type": "github"
      },
      "original": {
        "owner": "xmonad",
        "repo": "xmonad",
        "type": "github"
      }
    },
    "xmonad-contrib": {
      "inputs": {
        "flake-utils": "flake-utils_4",
        "git-ignore-nix": "git-ignore-nix_2",
        "nixpkgs": "nixpkgs_8",
        "xmonad": "xmonad_2"
      },
      "locked": {
        "lastModified": 1634673241,
        "narHash": "sha256-Kgg0ycPKM1ZEg/msrv17nyRsxImb9wK4s3t5OXmFUnU=",
        "owner": "xmonad",
        "repo": "xmonad-contrib",
        "rev": "e0c7e35b3dcdf0e1f9ceccf9c11b3c053ec7cf61",
        "type": "github"
      },
      "original": {
        "owner": "xmonad",
        "repo": "xmonad-contrib",
        "type": "github"
      }
    },
    "xmonad_2": {
      "inputs": {
        "flake-utils": "flake-utils_5",
        "git-ignore-nix": "git-ignore-nix_3",
        "nixpkgs": "nixpkgs_10"
      },
      "locked": {
        "lastModified": 1634458442,
        "narHash": "sha256-msiCVllb/8toA8Fz8ZKeI9E8wKnKZQTkhCpjDazt+2w=",
        "owner": "xmonad",
        "repo": "xmonad",
        "rev": "b5b95e27ce94c51f07a0613674749278af1f5f6c",
        "type": "github"
      },
      "original": {
        "owner": "xmonad",
        "repo": "xmonad",
        "type": "github"
      }
    }
  },
  "root": "root",
  "version": 7
}
