{
  "nodes": {
    "home-manager": {
      "inputs": {
        "nixpkgs": [
          "nixpkgs"
        ]
      },
      "locked": {
        "lastModified": 1623103231,
        "narHash": "sha256-ns6p4FYqdMHmcaZZjNC1HhxApfxKlpAPbvbOzhiLbas=",
        "owner": "nix-community",
        "repo": "home-manager",
        "rev": "aa36e2d6b481a54b95fbddbecb76076e0f38eb89",
        "type": "github"
      },
      "original": {
        "owner": "nix-community",
        "ref": "master",
        "repo": "home-manager",
        "type": "github"
      }
    },
    "iso": {
      "inputs": {
        "nixpkgs": "nixpkgs"
      },
      "locked": {
        "lastModified": 1621659760,
        "narHash": "sha256-HpwxNIfbfmDAneBterwUxEh35SiYSE8DtnXsf7gUcr0=",
        "owner": "nix-community",
        "repo": "nixos-generators",
        "rev": "23143c87be6b9b0181d2daf394abd98e2e13a420",
        "type": "github"
      },
      "original": {
        "owner": "nix-community",
        "repo": "nixos-generators",
        "type": "github"
      }
    },
    "nixmaster": {
      "locked": {
        "lastModified": 1623176466,
        "narHash": "sha256-VL2LGVww2NWw5hOeq0pFjo9P63jiWhDfmDTjQwZvyko=",
        "owner": "NixOS",
        "repo": "nixpkgs",
        "rev": "e968368c0d76ea8917f901b28e65491020ca0e13",
        "type": "github"
      },
      "original": {
        "owner": "NixOS",
        "repo": "nixpkgs",
        "type": "github"
      }
    },
    "nixpkgs": {
      "locked": {
        "lastModified": 1619285658,
        "narHash": "sha256-GKbj/KKo8Z2WsEURFtWHbPI917NrUnD4H2J4lKUsSWI=",
        "owner": "NixOS",
        "repo": "nixpkgs",
        "rev": "118485230c02d13f62133bce43177ffd49495694",
        "type": "github"
      },
      "original": {
        "owner": "NixOS",
        "ref": "nixpkgs-unstable",
        "repo": "nixpkgs",
        "type": "github"
      }
    },
    "nixpkgs_2": {
      "locked": {
        "lastModified": 1622966049,
        "narHash": "sha256-6g+28v94ISkVk9TBSsITVOnB2slK8plieWPIF2jo/l0=",
        "owner": "NixOS",
        "repo": "nixpkgs",
        "rev": "fbfb79400a08bf754e32b4d4fc3f7d8f8055cf94",
        "type": "github"
      },
      "original": {
        "id": "nixpkgs",
        "ref": "nixos-unstable",
        "type": "indirect"
      }
    },
    "root": {
      "inputs": {
        "home-manager": "home-manager",
        "iso": "iso",
        "nixmaster": "nixmaster",
        "nixpkgs": "nixpkgs_2"
      }
    }
  },
  "root": "root",
  "version": 7
}
